
Microsoft Visual Studio Solution File, Format Version 12.00
# Visual Studio Version 16
VisualStudioVersion = 16.0.30114.105
MinimumVisualStudioVersion = 10.0.40219.1
Project("{FAE04EC0-301F-11D3-BF4B-00C04F79EFBC}") = "ADHService.Startup", "ADHService.Startup\ADHService.Startup.csproj", "{017D0A9F-07E1-47FF-9741-7544D25D0D84}"
EndProject
Project("{FAE04EC0-301F-11D3-BF4B-00C04F79EFBC}") = "ADHService.Services", "ADHService.Services\ADHService.Services.csproj", "{5BE080E8-86A0-4982-A8A5-7FAA9A7E945C}"
EndProject
Global
	GlobalSection(SolutionConfigurationPlatforms) = preSolution
		Debug|Any CPU = Debug|Any CPU
		Debug|x64 = Debug|x64
		Debug|x86 = Debug|x86
		Release|Any CPU = Release|Any CPU
		Release|x64 = Release|x64
		Release|x86 = Release|x86
	EndGlobalSection
	GlobalSection(SolutionProperties) = preSolution
		HideSolutionNode = FALSE
	EndGlobalSection
	GlobalSection(ProjectConfigurationPlatforms) = postSolution
		{017D0A9F-07E1-47FF-9741-7544D25D0D84}.Debug|Any CPU.ActiveCfg = Debug|Any CPU
		{017D0A9F-07E1-47FF-9741-7544D25D0D84}.Debug|Any CPU.Build.0 = Debug|Any CPU
		{017D0A9F-07E1-47FF-9741-7544D25D0D84}.Debug|x64.ActiveCfg = Debug|Any CPU
		{017D0A9F-07E1-47FF-9741-7544D25D0D84}.Debug|x64.Build.0 = Debug|Any CPU
		{017D0A9F-07E1-47FF-9741-7544D25D0D84}.Debug|x86.ActiveCfg = Debug|Any CPU
		{017D0A9F-07E1-47FF-9741-7544D25D0D84}.Debug|x86.Build.0 = Debug|Any CPU
		{017D0A9F-07E1-47FF-9741-7544D25D0D84}.Release|Any CPU.ActiveCfg = Release|Any CPU
		{017D0A9F-07E1-47FF-9741-7544D25D0D84}.Release|Any CPU.Build.0 = Release|Any CPU
		{017D0A9F-07E1-47FF-9741-7544D25D0D84}.Release|x64.ActiveCfg = Release|Any CPU
		{017D0A9F-07E1-47FF-9741-7544D25D0D84}.Release|x64.Build.0 = Release|Any CPU
		{017D0A9F-07E1-47FF-9741-7544D25D0D84}.Release|x86.ActiveCfg = Release|Any CPU
		{017D0A9F-07E1-47FF-9741-7544D25D0D84}.Release|x86.Build.0 = Release|Any CPU
		{5BE080E8-86A0-4982-A8A5-7FAA9A7E945C}.Debug|Any CPU.ActiveCfg = Debug|Any CPU
		{5BE080E8-86A0-4982-A8A5-7FAA9A7E945C}.Debug|Any CPU.Build.0 = Debug|Any CPU
		{5BE080E8-86A0-4982-A8A5-7FAA9A7E945C}.Debug|x64.ActiveCfg = Debug|Any CPU
		{5BE080E8-86A0-4982-A8A5-7FAA9A7E945C}.Debug|x64.Build.0 = Debug|Any CPU
		{5BE080E8-86A0-4982-A8A5-7FAA9A7E945C}.Debug|x86.ActiveCfg = Debug|Any CPU
		{5BE080E8-86A0-4982-A8A5-7FAA9A7E945C}.Debug|x86.Build.0 = Debug|Any CPU
		{5BE080E8-86A0-4982-A8A5-7FAA9A7E945C}.Release|Any CPU.ActiveCfg = Release|Any CPU
		{5BE080E8-86A0-4982-A8A5-7FAA9A7E945C}.Release|Any CPU.Build.0 = Release|Any CPU
		{5BE080E8-86A0-4982-A8A5-7FAA9A7E945C}.Release|x64.ActiveCfg = Release|Any CPU
		{5BE080E8-86A0-4982-A8A5-7FAA9A7E945C}.Release|x64.Build.0 = Release|Any CPU
		{5BE080E8-86A0-4982-A8A5-7FAA9A7E945C}.Release|x86.ActiveCfg = Release|Any CPU
		{5BE080E8-86A0-4982-A8A5-7FAA9A7E945C}.Release|x86.Build.0 = Release|Any CPU
	EndGlobalSection
EndGlobal
